<?xml version="1.0" encoding="utf-8"?>
<Project ToolsVersion="4.0" xmlns="http://schemas.microsoft.com/developer/msbuild/2003">
  <ItemGroup>
    <Filter Include="Utilities">
      <UniqueIdentifier>{8c50a11b-c013-4ca0-a58e-cfc37e58a64f}</UniqueIdentifier>
    </Filter>
    <Filter Include="Resource">
      <UniqueIdentifier>{0e5b07ae-1ba2-404d-a462-579ab664eac6}</UniqueIdentifier>
    </Filter>
    <Filter Include="Battle">
      <UniqueIdentifier>{4FC737F1-C7A5-4376-A066-2A32D752A2FF}</UniqueIdentifier>
      <Extensions>cpp;c;cc;cxx;def;odl;idl;hpj;bat;asm;asmx</Extensions>
    </Filter>
    <Filter Include="Battle\Field">
      <UniqueIdentifier>{3e0be7ae-d786-4657-8650-cfd3bf250541}</UniqueIdentifier>
    </Filter>
    <Filter Include="Battle\Entity">
      <UniqueIdentifier>{2f7945d0-72a3-4a3f-aa64-466703264ef3}</UniqueIdentifier>
    </Filter>
    <Filter Include="Battle\Entity\Spell">
      <UniqueIdentifier>{8744243d-c514-4f2e-b8c3-ff0cd15fef0a}</UniqueIdentifier>
    </Filter>
    <Filter Include="Battle\Entity\Spell\Wave">
      <UniqueIdentifier>{357d9067-4a1f-4abd-836b-20c9aab639c6}</UniqueIdentifier>
    </Filter>
    <Filter Include="Battle\Entity\Spell\Buster">
      <UniqueIdentifier>{a5b0fd9b-980a-4240-9250-0d06444c60a4}</UniqueIdentifier>
    </Filter>
    <Filter Include="Battle\Entity\Living">
      <UniqueIdentifier>{e565b472-5297-4f4a-bb4e-f93b6d2d9345}</UniqueIdentifier>
    </Filter>
    <Filter Include="Battle\Entity\Living\Mettaur">
      <UniqueIdentifier>{16b3fe77-dae3-4ab7-a685-3797a65c1775}</UniqueIdentifier>
    </Filter>
    <Filter Include="Battle\Entity\Living\Player">
      <UniqueIdentifier>{10c1c4d0-3a84-4a71-bef9-04835d2185da}</UniqueIdentifier>
    </Filter>
    <Filter Include="Battle\Tile">
      <UniqueIdentifier>{8bd2fb17-906f-4def-ade7-710283fde6b2}</UniqueIdentifier>
    </Filter>
    <Filter Include="Battle\Component">
      <UniqueIdentifier>{dfa2cbcd-8575-45f2-93b6-c5d98a64e469}</UniqueIdentifier>
    </Filter>
    <Filter Include="Battle\Enumerations">
      <UniqueIdentifier>{5c9d2cbc-eb6d-4112-b2aa-bafcdf47830a}</UniqueIdentifier>
    </Filter>
    <Filter Include="Battle\Background">
      <UniqueIdentifier>{dc29490c-a264-4350-a55e-b02202ddc325}</UniqueIdentifier>
    </Filter>
    <Filter Include="Engine">
      <UniqueIdentifier>{b2d44660-3edc-4851-bcad-91fd074e9eef}</UniqueIdentifier>
    </Filter>
    <Filter Include="Battle\Component\Input">
      <UniqueIdentifier>{4a441b30-9e2f-4ff8-921a-60ef383f26d9}</UniqueIdentifier>
    </Filter>
    <Filter Include="Battle\Entity\Living\ProgsMan">
      <UniqueIdentifier>{5d15a7de-9f57-48f4-8d8a-3dcff2b9cefc}</UniqueIdentifier>
    </Filter>
    <Filter Include="Resource\TextureResource">
      <UniqueIdentifier>{04b25a7a-f471-420f-8ea0-6794994adb3c}</UniqueIdentifier>
    </Filter>
    <Filter Include="Resource\AudioResource">
      <UniqueIdentifier>{584d74c6-24b9-4e0b-b8cb-06f4e0b8a9c8}</UniqueIdentifier>
    </Filter>
    <Filter Include="Battle\Entity\Spell\ProgBomb">
      <UniqueIdentifier>{433914da-e0ef-48b6-9930-a32468a26484}</UniqueIdentifier>
    </Filter>
    <Filter Include="Battle\Chips">
      <UniqueIdentifier>{6552fc8f-0f57-4735-8abf-96a54c1fec10}</UniqueIdentifier>
    </Filter>
    <Filter Include="Battle\Chips\Cust">
      <UniqueIdentifier>{f9e71ed1-58d0-4f77-937f-5656dd5f63e4}</UniqueIdentifier>
    </Filter>
    <Filter Include="Battle\Chips\Database">
      <UniqueIdentifier>{96b71ad6-be68-4e35-bd67-349eeadc6ac8}</UniqueIdentifier>
    </Filter>
    <Filter Include="Battle\Component\Animation">
      <UniqueIdentifier>{32f5b123-7c10-4d87-abfc-a9326380e103}</UniqueIdentifier>
    </Filter>
    <Filter Include="Battle\Entity\Living\Mettaur\States">
      <UniqueIdentifier>{0edefaae-8923-437f-9711-2ae3d410892b}</UniqueIdentifier>
    </Filter>
    <Filter Include="Battle\AI">
      <UniqueIdentifier>{b0e97f40-0be3-48ff-a3c0-924576c7938e}</UniqueIdentifier>
    </Filter>
    <Filter Include="Battle\Component\Animation\Charge">
      <UniqueIdentifier>{ab250ee0-5fc9-498e-97e9-3b1f28a188c7}</UniqueIdentifier>
    </Filter>
    <Filter Include="Battle\Entity\Artifact">
      <UniqueIdentifier>{9be22663-7ffb-4d72-afb7-0ae8f6b0b8d6}</UniqueIdentifier>
    </Filter>
    <Filter Include="Battle\Entity\Living\Any">
      <UniqueIdentifier>{7e781496-123e-40b5-af0b-4f433296b3ee}</UniqueIdentifier>
    </Filter>
    <Filter Include="Battle\Entity\Living\Any\States">
      <UniqueIdentifier>{c05712c6-7f52-4d6d-a5ce-4d887bc75117}</UniqueIdentifier>
    </Filter>
    <Filter Include="Battle\Entity\Living\Player\States">
      <UniqueIdentifier>{ce04f5a8-3636-4a36-8ba1-192b3f0785eb}</UniqueIdentifier>
    </Filter>
    <Filter Include="Battle\Entity\Artifact\Explosion">
      <UniqueIdentifier>{586087ad-200c-42d9-a4d9-72203f62831f}</UniqueIdentifier>
    </Filter>
    <Filter Include="Entry">
      <UniqueIdentifier>{99da17ce-caae-4583-a7c2-d4d60a27fba6}</UniqueIdentifier>
    </Filter>
    <Filter Include="Engine\Camera">
      <UniqueIdentifier>{073bf066-0047-4316-9fe1-39c36c5d136a}</UniqueIdentifier>
    </Filter>
  </ItemGroup>
  <ItemGroup>
    <ClCompile Include="bnField.cpp">
      <Filter>Battle\Field</Filter>
    </ClCompile>
    <ClCompile Include="bnTile.cpp">
      <Filter>Battle\Tile</Filter>
    </ClCompile>
    <ClCompile Include="bnPlayer.cpp">
      <Filter>Battle\Entity\Living\Player</Filter>
    </ClCompile>
    <ClCompile Include="bnSpell.cpp">
      <Filter>Battle\Entity\Spell</Filter>
    </ClCompile>
    <ClCompile Include="bnBackgroundUI.cpp">
      <Filter>Battle\Background</Filter>
    </ClCompile>
    <ClCompile Include="bnWave.cpp">
      <Filter>Battle\Entity\Spell\Wave</Filter>
    </ClCompile>
    <ClCompile Include="bnBuster.cpp">
      <Filter>Battle\Entity\Spell\Buster</Filter>
    </ClCompile>
    <ClCompile Include="bnMettaur.cpp">
      <Filter>Battle\Entity\Living\Mettaur</Filter>
    </ClCompile>
    <ClCompile Include="bnChargeComponent.cpp">
      <Filter>Battle\Component\Animation\Charge</Filter>
    </ClCompile>
    <ClCompile Include="bnEntity.cpp">
      <Filter>Battle\Entity</Filter>
    </ClCompile>
    <ClCompile Include="bnBattleScene.cpp">
      <Filter>Battle</Filter>
    </ClCompile>
    <ClCompile Include="bnPlayerHealthUI.cpp">
      <Filter>Battle\Entity\Living\Player</Filter>
    </ClCompile>
    <ClCompile Include="bnMobHealthUI.cpp">
      <Filter>Battle\Entity\Living\Mettaur</Filter>
    </ClCompile>
    <ClCompile Include="bnControllableComponent.cpp">
      <Filter>Battle\Component\Input</Filter>
    </ClCompile>
    <ClCompile Include="bnEngine.cpp">
      <Filter>Engine</Filter>
    </ClCompile>
    <ClCompile Include="bnProgsMan.cpp">
      <Filter>Battle\Entity\Living\ProgsMan</Filter>
    </ClCompile>
    <ClCompile Include="bnAudioResourceManager.cpp">
      <Filter>Resource\AudioResource</Filter>
    </ClCompile>
    <ClCompile Include="bnTextureResourceManager.cpp">
      <Filter>Resource\TextureResource</Filter>
    </ClCompile>
    <ClCompile Include="bnProgBomb.cpp">
      <Filter>Battle\Entity\Spell\ProgBomb</Filter>
    </ClCompile>
    <ClCompile Include="bnChipSelectionCust.cpp">
      <Filter>Battle\Chips\Cust</Filter>
    </ClCompile>
    <ClCompile Include="bnChipLibrary.cpp">
      <Filter>Battle\Chips\Database</Filter>
    </ClCompile>
    <ClCompile Include="bnChip.cpp">
      <Filter>Battle\Chips\Database</Filter>
    </ClCompile>
    <ClCompile Include="bnSelectedChipsUI.cpp">
      <Filter>Battle\Entity\Living\Player</Filter>
    </ClCompile>
    <ClCompile Include="bnAnimationComponent.cpp">
      <Filter>Battle\Component\Animation</Filter>
    </ClCompile>
    <ClCompile Include="bnMettaurIdleState.cpp">
      <Filter>Battle\Entity\Living\Mettaur\States</Filter>
    </ClCompile>
    <ClCompile Include="bnMettaurAttackState.cpp">
      <Filter>Battle\Entity\Living\Mettaur\States</Filter>
    </ClCompile>
    <ClCompile Include="bnMettaurMoveState.cpp">
      <Filter>Battle\Entity\Living\Mettaur\States</Filter>
    </ClCompile>
    <ClCompile Include="bnPlayerControlledState.cpp">
      <Filter>Battle\Entity\Living\Player\States</Filter>
    </ClCompile>
    <ClCompile Include="bnPlayerHitState.cpp">
      <Filter>Battle\Entity\Living\Player\States</Filter>
    </ClCompile>
    <ClCompile Include="bnLongExplosion.cpp">
      <Filter>Battle\Entity\Artifact\Explosion</Filter>
    </ClCompile>
    <ClCompile Include="bnArtifact.cpp">
      <Filter>Battle\Entity\Artifact</Filter>
    </ClCompile>
    <ClCompile Include="main.cpp">
      <Filter>Entry</Filter>
    </ClCompile>
    <ClCompile Include="bnLogger.cpp">
      <Filter>Utilities</Filter>
    </ClCompile>
    <ClCompile Include="bnCamera.cpp">
      <Filter>Engine\Camera</Filter>
    </ClCompile>
    <ClCompile Include="bnPlayerIdleState.cpp">
      <Filter>Battle\Entity\Living\Player\States</Filter>
    </ClCompile>
  </ItemGroup>
  <ItemGroup>
    <ClInclude Include="bnField.h">
      <Filter>Battle\Field</Filter>
    </ClInclude>
    <ClInclude Include="bnTile.h">
      <Filter>Battle\Tile</Filter>
    </ClInclude>
    <ClInclude Include="bnEntity.h">
      <Filter>Battle\Entity</Filter>
    </ClInclude>
    <ClInclude Include="bnMemory.h">
      <Filter>Utilities</Filter>
    </ClInclude>
    <ClInclude Include="bnPlayer.h">
      <Filter>Battle\Entity\Living\Player</Filter>
    </ClInclude>
    <ClInclude Include="bnSpell.h">
      <Filter>Battle\Entity\Spell</Filter>
    </ClInclude>
    <ClInclude Include="bnLogger.h">
      <Filter>Utilities</Filter>
    </ClInclude>
    <ClInclude Include="bnBackgroundUI.h">
      <Filter>Battle\Background</Filter>
    </ClInclude>
    <ClInclude Include="bnWave.h">
      <Filter>Battle\Entity\Spell\Wave</Filter>
    </ClInclude>
    <ClInclude Include="bnBuster.h">
      <Filter>Battle\Entity\Spell\Buster</Filter>
    </ClInclude>
    <ClInclude Include="bnMettaur.h">
      <Filter>Battle\Entity\Living\Mettaur</Filter>
    </ClInclude>
    <ClInclude Include="bnLayered.h">
      <Filter>Engine</Filter>
    </ClInclude>
    <ClInclude Include="bnChargeComponent.h">
      <Filter>Battle\Component\Animation\Charge</Filter>
    </ClInclude>
    <ClInclude Include="bnPlayerState.h">
      <Filter>Battle\Enumerations</Filter>
    </ClInclude>
    <ClInclude Include="bnMobState.h">
      <Filter>Battle\Enumerations</Filter>
    </ClInclude>
    <ClInclude Include="bnTileState.h">
      <Filter>Battle\Enumerations</Filter>
    </ClInclude>
    <ClInclude Include="bnTeam.h">
      <Filter>Battle\Enumerations</Filter>
    </ClInclude>
    <ClInclude Include="bnDirection.h">
      <Filter>Battle\Enumerations</Filter>
    </ClInclude>
    <ClInclude Include="bnBattleScene.h">
      <Filter>Battle</Filter>
    </ClInclude>
    <ClInclude Include="bnPlayerHealthUI.h">
      <Filter>Battle\Entity\Living\Player</Filter>
    </ClInclude>
    <ClInclude Include="bnMobHealthUI.h">
      <Filter>Battle\Entity\Living\Mettaur</Filter>
    </ClInclude>
    <ClInclude Include="bnControllableComponent.h">
      <Filter>Battle\Component\Input</Filter>
    </ClInclude>
    <ClInclude Include="bnEngine.h">
      <Filter>Engine</Filter>
    </ClInclude>
    <ClInclude Include="bnControllableEvent.h">
      <Filter>Battle\Enumerations</Filter>
    </ClInclude>
    <ClInclude Include="bnProgsMan.h">
      <Filter>Battle\Entity\Living\ProgsMan</Filter>
    </ClInclude>
    <ClInclude Include="bnTextureType.h">
      <Filter>Resource\TextureResource</Filter>
    </ClInclude>
    <ClInclude Include="bnAudioType.h">
      <Filter>Resource\AudioResource</Filter>
    </ClInclude>
    <ClInclude Include="bnAudioResourceManager.h">
      <Filter>Resource\AudioResource</Filter>
    </ClInclude>
    <ClInclude Include="bnTextureResourceManager.h">
      <Filter>Resource\TextureResource</Filter>
    </ClInclude>
    <ClInclude Include="bnProgBomb.h">
      <Filter>Battle\Entity\Spell\ProgBomb</Filter>
    </ClInclude>
    <ClInclude Include="bnChipSelectionCust.h">
      <Filter>Battle\Chips\Cust</Filter>
    </ClInclude>
    <ClInclude Include="bnChipLibrary.h">
      <Filter>Battle\Chips\Database</Filter>
    </ClInclude>
    <ClInclude Include="bnChip.h">
      <Filter>Battle\Chips\Database</Filter>
    </ClInclude>
    <ClInclude Include="bnSelectedChipsUI.h">
      <Filter>Battle\Entity\Living\Player</Filter>
    </ClInclude>
    <ClInclude Include="bnChipType.h">
      <Filter>Battle\Chips\Database</Filter>
    </ClInclude>
    <ClInclude Include="bnAnimationComponent.h">
      <Filter>Battle\Component\Animation</Filter>
    </ClInclude>
    <ClInclude Include="bnAIState.h">
      <Filter>Battle\AI</Filter>
    </ClInclude>
    <ClInclude Include="bnAI.h">
      <Filter>Battle\AI</Filter>
    </ClInclude>
    <ClInclude Include="bnMettaurAttackState.h">
      <Filter>Battle\Entity\Living\Mettaur\States</Filter>
    </ClInclude>
    <ClInclude Include="bnMettaurIdleState.h">
      <Filter>Battle\Entity\Living\Mettaur\States</Filter>
    </ClInclude>
    <ClInclude Include="bnMettaurMoveState.h">
      <Filter>Battle\Entity\Living\Mettaur\States</Filter>
    </ClInclude>
    <ClInclude Include="bnExplodeState.h">
      <Filter>Battle\Entity\Living\Any\States</Filter>
    </ClInclude>
    <ClInclude Include="bnPlayerControlledState.h">
      <Filter>Battle\Entity\Living\Player\States</Filter>
    </ClInclude>
    <ClInclude Include="bnPlayerHitState.h">
      <Filter>Battle\Entity\Living\Player\States</Filter>
    </ClInclude>
    <ClInclude Include="bnMeta.h">
      <Filter>Utilities</Filter>
    </ClInclude>
    <ClInclude Include="bnArtifact.h">
      <Filter>Battle\Entity\Artifact</Filter>
    </ClInclude>
    <ClInclude Include="bnLongExplosion.h">
      <Filter>Battle\Entity\Artifact\Explosion</Filter>
    </ClInclude>
    <ClInclude Include="bnCamera.h">
      <Filter>Engine\Camera</Filter>
    </ClInclude>
    <ClInclude Include="bnPixelInState.h">
      <Filter>Battle\Entity\Living\Any\States</Filter>
    </ClInclude>
    <ClInclude Include="bnMob.h">
      <Filter>Battle</Filter>
    </ClInclude>
    <ClInclude Include="bnPlayerIdleState.h">
      <Filter>Battle\Entity\Living\Player\States</Filter>
    </ClInclude>
  </ItemGroup>
</Project>